
Microsoft Visual Studio Solution File, Format Version 12.00
# Visual Studio Version 17
VisualStudioVersion = 17.5.33627.172
MinimumVisualStudioVersion = 10.0.40219.1
Project("{FAE04EC0-301F-11D3-BF4B-00C04F79EFBC}") = "BigBoars", "BigBoars\BigBoars.csproj", "{E00D1E98-EEE9-4AF5-88B1-61D42E02D628}"
EndProject
Global
	GlobalSection(SolutionConfigurationPlatforms) = preSolution
		Debug|Any CPU = Debug|Any CPU
		Release|Any CPU = Release|Any CPU
	EndGlobalSection
	GlobalSection(ProjectConfigurationPlatforms) = postSolution
		{E00D1E98-EEE9-4AF5-88B1-61D42E02D628}.Debug|Any CPU.ActiveCfg = Debug|Any CPU
		{E00D1E98-EEE9-4AF5-88B1-61D42E02D628}.Debug|Any CPU.Build.0 = Debug|Any CPU
		{E00D1E98-EEE9-4AF5-88B1-61D42E02D628}.Release|Any CPU.ActiveCfg = Release|Any CPU
		{E00D1E98-EEE9-4AF5-88B1-61D42E02D628}.Release|Any CPU.Build.0 = Release|Any CPU
	EndGlobalSection
	GlobalSection(SolutionProperties) = preSolution
		HideSolutionNode = FALSE
	EndGlobalSection
	GlobalSection(ExtensibilityGlobals) = postSolution
		SolutionGuid = {99598734-9DA9-48EC-A0D0-C149DA867EB0}
	EndGlobalSection
EndGlobal
